
Microsoft Visual Studio Solution File, Format Version 10.00
# Visual C++ Express 2008
Project("{8BC9CEB8-8B4A-11D0-8D11-00A0C91BC942}") = "kvm-win", "kvm-win.vcproj", "{D84E94A3-5503-4F1A-8DA6-AE5CE55504CA}"
EndProject
Global
	GlobalSection(SolutionConfigurationPlatforms) = preSolution
		Debug|Win32 = Debug|Win32
		Release|Win32 = Release|Win32
	EndGlobalSection
	GlobalSection(ProjectConfigurationPlatforms) = postSolution
		{D84E94A3-5503-4F1A-8DA6-AE5CE55504CA}.Debug|Win32.ActiveCfg = Debug|Win32
		{D84E94A3-5503-4F1A-8DA6-AE5CE55504CA}.Debug|Win32.Build.0 = Debug|Win32
		{D84E94A3-5503-4F1A-8DA6-AE5CE55504CA}.Release|Win32.ActiveCfg = Release|Win32
		{D84E94A3-5503-4F1A-8DA6-AE5CE55504CA}.Release|Win32.Build.0 = Release|Win32
	EndGlobalSection
	GlobalSection(SolutionProperties) = preSolution
		HideSolutionNode = FALSE
	EndGlobalSection
EndGlobal
